
Microsoft Visual Studio Solution File, Format Version 12.00
# Visual Studio Version 17
VisualStudioVersion = 17.6.33829.357
MinimumVisualStudioVersion = 10.0.40219.1
Project("{FAE04EC0-301F-11D3-BF4B-00C04F79EFBC}") = "ComputerAvereageApp", "ComputerAvereageApp\ComputerAvereageApp.csproj", "{6F409BFA-CA91-4127-9431-397F0F1C469C}"
EndProject
Global
	GlobalSection(SolutionConfigurationPlatforms) = preSolution
		Debug|Any CPU = Debug|Any CPU
		Release|Any CPU = Release|Any CPU
	EndGlobalSection
	GlobalSection(ProjectConfigurationPlatforms) = postSolution
		{6F409BFA-CA91-4127-9431-397F0F1C469C}.Debug|Any CPU.ActiveCfg = Debug|Any CPU
		{6F409BFA-CA91-4127-9431-397F0F1C469C}.Debug|Any CPU.Build.0 = Debug|Any CPU
		{6F409BFA-CA91-4127-9431-397F0F1C469C}.Release|Any CPU.ActiveCfg = Release|Any CPU
		{6F409BFA-CA91-4127-9431-397F0F1C469C}.Release|Any CPU.Build.0 = Release|Any CPU
	EndGlobalSection
	GlobalSection(SolutionProperties) = preSolution
		HideSolutionNode = FALSE
	EndGlobalSection
	GlobalSection(ExtensibilityGlobals) = postSolution
		SolutionGuid = {E9B8D597-3AFA-4DE9-80FF-9C98562C3D0A}
	EndGlobalSection
EndGlobal
